
Microsoft Visual Studio Solution File, Format Version 12.00
# Visual Studio Version 18
VisualStudioVersion = 18.4.11626.88
MinimumVisualStudioVersion = 10.0.40219.1
Project("{2150E333-8FDC-42A3-9474-1A3956D46DE8}") = "Solution Items", "Solution Items", "{93AF0B86-1809-4BC7-AAEB-97024B858EE2}"
	ProjectSection(SolutionItems) = preProject
		.editorconfig = .editorconfig
		Directory.Build.props = Directory.Build.props
		Directory.Packages.props = Directory.Packages.props
	EndProjectSection
EndProject
Project("{2150E333-8FDC-42A3-9474-1A3956D46DE8}") = "src", "src", "{E381D475-2C8B-4889-914F-B06AA507C654}"
EndProject
Project("{2150E333-8FDC-42A3-9474-1A3956D46DE8}") = "API", "API", "{F1DAAEA8-CF63-41BF-8BE8-B9C940F2D497}"
EndProject
Project("{2150E333-8FDC-42A3-9474-1A3956D46DE8}") = "Modules", "Modules", "{3BADFB1B-523C-4730-B8A9-41737C5FC1C3}"
EndProject
Project("{2150E333-8FDC-42A3-9474-1A3956D46DE8}") = "Events", "Events", "{AF8B2966-0C3C-47EE-AE6B-10A871E214B8}"
EndProject
Project("{E53339B2-1760-4266-BCC7-CA923CBCF16C}") = "docker-compose", "docker-compose.dcproj", "{81DDED9D-158B-E303-5F62-77A2896D2A5A}"
EndProject
Project("{FAE04EC0-301F-11D3-BF4B-00C04F79EFBC}") = "Evently.Api", "src\API\Evently.Api\Evently.Api.csproj", "{F218B6CA-2852-539A-18E1-105CBA56C82E}"
EndProject
Project("{2150E333-8FDC-42A3-9474-1A3956D46DE8}") = "Common", "Common", "{6D9064CB-7E44-46DB-9FE0-4AE3A9B1B1E9}"
EndProject
Project("{FAE04EC0-301F-11D3-BF4B-00C04F79EFBC}") = "Evently.Common.Domain", "src\Common\Evently.Common.Domain\Evently.Common.Domain.csproj", "{313374BA-037D-4B54-A365-7E98D78BC1D8}"
EndProject
Project("{FAE04EC0-301F-11D3-BF4B-00C04F79EFBC}") = "Evently.Common.Application", "src\Common\Evently.Common.Application\Evently.Common.Application.csproj", "{1D1993F8-17A4-4FC9-AADD-81080DB64239}"
EndProject
Project("{FAE04EC0-301F-11D3-BF4B-00C04F79EFBC}") = "Evently.Common.Infrastructure", "src\Common\Evently.Common.Infrastructure\Evently.Common.Infrastructure.csproj", "{0E78F60D-CF4D-4444-9292-014938882445}"
EndProject
Project("{FAE04EC0-301F-11D3-BF4B-00C04F79EFBC}") = "Evently.Modules.Events.Domain", "src\Modules\Events\Evently.Modules.Events.Domain\Evently.Modules.Events.Domain.csproj", "{8AB67C18-02B1-4116-B6D3-923B6DDC2DF4}"
EndProject
Project("{FAE04EC0-301F-11D3-BF4B-00C04F79EFBC}") = "Evently.Modules.Events.Application", "src\Modules\Events\Evently.Modules.Events.Application\Evently.Modules.Events.Application.csproj", "{FD0DA19B-5EFB-4C88-BDBC-A6B7C032AE60}"
EndProject
Project("{FAE04EC0-301F-11D3-BF4B-00C04F79EFBC}") = "Evently.Modules.Events.Infrastructure", "src\Modules\Events\Evently.Modules.Events.Infrastructure\Evently.Modules.Events.Infrastructure.csproj", "{3F3880FD-E5C0-4EB8-9744-FAC50B528638}"
EndProject
Project("{FAE04EC0-301F-11D3-BF4B-00C04F79EFBC}") = "Evently.Modules.Events.Presentation", "src\Modules\Events\Evently.Modules.Events.Presentation\Evently.Modules.Events.Presentation.csproj", "{32359846-B570-4936-A3B0-52C1DD6F42EE}"
EndProject
Project("{FAE04EC0-301F-11D3-BF4B-00C04F79EFBC}") = "Evently.Common.Presentation", "src\Common\Evently.Common.Presentation\Evently.Common.Presentation.csproj", "{19DC97E1-FC68-48B0-A3F4-5B5AD357372C}"
EndProject
Project("{2150E333-8FDC-42A3-9474-1A3956D46DE8}") = "Users", "Users", "{37429EF8-1D5B-4BC3-B51C-E0E35B177733}"
EndProject
Project("{FAE04EC0-301F-11D3-BF4B-00C04F79EFBC}") = "Evently.Modules.Users.Domain", "src\Modules\Users\Evently.Modules.Users.Domain\Evently.Modules.Users.Domain.csproj", "{E63AF892-7DE9-4B0A-AEC7-A1CC820355B7}"
EndProject
Project("{FAE04EC0-301F-11D3-BF4B-00C04F79EFBC}") = "Evently.Modules.Users.Application", "src\Modules\Users\Evently.Modules.Users.Application\Evently.Modules.Users.Application.csproj", "{6195B4BD-FF31-4D10-8C28-230B0869533F}"
EndProject
Project("{FAE04EC0-301F-11D3-BF4B-00C04F79EFBC}") = "Evently.Modules.Users.Infrastructure", "src\Modules\Users\Evently.Modules.Users.Infrastructure\Evently.Modules.Users.Infrastructure.csproj", "{0DBBEC41-49DD-4176-A1AD-E348A87D9A35}"
EndProject
Project("{FAE04EC0-301F-11D3-BF4B-00C04F79EFBC}") = "Evently.Modules.Users.Presentation", "src\Modules\Users\Evently.Modules.Users.Presentation\Evently.Modules.Users.Presentation.csproj", "{02B84311-D1B6-4479-A0A5-01B90FE5C446}"
EndProject
Project("{2150E333-8FDC-42A3-9474-1A3956D46DE8}") = "Ticketing", "Ticketing", "{E9E7A0FD-AAA0-4EFE-8FD7-32FEE3693DCA}"
EndProject
Project("{FAE04EC0-301F-11D3-BF4B-00C04F79EFBC}") = "Evently.Modules.Ticketing.Domain", "src\Modules\Ticketing\Evently.Modules.Ticketing.Domain\Evently.Modules.Ticketing.Domain.csproj", "{2F78676E-E705-4701-A7ED-454DA0FA61D9}"
EndProject
Project("{FAE04EC0-301F-11D3-BF4B-00C04F79EFBC}") = "Evently.Modules.Ticketing.Application", "src\Modules\Ticketing\Evently.Modules.Ticketing.Application\Evently.Modules.Ticketing.Application.csproj", "{A624782E-6CE2-4A7E-85A1-8751CABADBA5}"
EndProject
Project("{FAE04EC0-301F-11D3-BF4B-00C04F79EFBC}") = "Evently.Modules.Ticketing.Infrastructure", "src\Modules\Ticketing\Evently.Modules.Ticketing.Infrastructure\Evently.Modules.Ticketing.Infrastructure.csproj", "{FE5117D2-F3E3-4D6F-BEB4-E94AD72B6ACB}"
EndProject
Project("{FAE04EC0-301F-11D3-BF4B-00C04F79EFBC}") = "Evently.Modules.Ticketing.Presentation", "src\Modules\Ticketing\Evently.Modules.Ticketing.Presentation\Evently.Modules.Ticketing.Presentation.csproj", "{DE1C8837-BA7C-4B7D-BEE5-54320199E27E}"
EndProject
Project("{FAE04EC0-301F-11D3-BF4B-00C04F79EFBC}") = "Evently.Modules.Users.PublicApi", "src\Modules\Users\Evently.Modules.Users.PublicApi\Evently.Modules.Users.PublicApi.csproj", "{E34530A6-4AAA-40E6-8299-894812CD7E3B}"
EndProject
Project("{FAE04EC0-301F-11D3-BF4B-00C04F79EFBC}") = "Evently.Modules.Events.PublicApi", "src\Modules\Events\Evently.Modules.Events.PublicApi\Evently.Modules.Events.PublicApi.csproj", "{C966E957-8EA2-4307-9F44-811B16F4AD9B}"
EndProject
Global
	GlobalSection(SolutionConfigurationPlatforms) = preSolution
		Debug|Any CPU = Debug|Any CPU
		Release|Any CPU = Release|Any CPU
	EndGlobalSection
	GlobalSection(ProjectConfigurationPlatforms) = postSolution
		{81DDED9D-158B-E303-5F62-77A2896D2A5A}.Debug|Any CPU.ActiveCfg = Debug|Any CPU
		{81DDED9D-158B-E303-5F62-77A2896D2A5A}.Debug|Any CPU.Build.0 = Debug|Any CPU
		{81DDED9D-158B-E303-5F62-77A2896D2A5A}.Release|Any CPU.ActiveCfg = Release|Any CPU
		{81DDED9D-158B-E303-5F62-77A2896D2A5A}.Release|Any CPU.Build.0 = Release|Any CPU
		{F218B6CA-2852-539A-18E1-105CBA56C82E}.Debug|Any CPU.ActiveCfg = Debug|Any CPU
		{F218B6CA-2852-539A-18E1-105CBA56C82E}.Debug|Any CPU.Build.0 = Debug|Any CPU
		{F218B6CA-2852-539A-18E1-105CBA56C82E}.Release|Any CPU.ActiveCfg = Release|Any CPU
		{F218B6CA-2852-539A-18E1-105CBA56C82E}.Release|Any CPU.Build.0 = Release|Any CPU
		{313374BA-037D-4B54-A365-7E98D78BC1D8}.Debug|Any CPU.ActiveCfg = Debug|Any CPU
		{313374BA-037D-4B54-A365-7E98D78BC1D8}.Debug|Any CPU.Build.0 = Debug|Any CPU
		{313374BA-037D-4B54-A365-7E98D78BC1D8}.Release|Any CPU.ActiveCfg = Release|Any CPU
		{313374BA-037D-4B54-A365-7E98D78BC1D8}.Release|Any CPU.Build.0 = Release|Any CPU
		{1D1993F8-17A4-4FC9-AADD-81080DB64239}.Debug|Any CPU.ActiveCfg = Debug|Any CPU
		{1D1993F8-17A4-4FC9-AADD-81080DB64239}.Debug|Any CPU.Build.0 = Debug|Any CPU
		{1D1993F8-17A4-4FC9-AADD-81080DB64239}.Release|Any CPU.ActiveCfg = Release|Any CPU
		{1D1993F8-17A4-4FC9-AADD-81080DB64239}.Release|Any CPU.Build.0 = Release|Any CPU
		{0E78F60D-CF4D-4444-9292-014938882445}.Debug|Any CPU.ActiveCfg = Debug|Any CPU
		{0E78F60D-CF4D-4444-9292-014938882445}.Debug|Any CPU.Build.0 = Debug|Any CPU
		{0E78F60D-CF4D-4444-9292-014938882445}.Release|Any CPU.ActiveCfg = Release|Any CPU
		{0E78F60D-CF4D-4444-9292-014938882445}.Release|Any CPU.Build.0 = Release|Any CPU
		{8AB67C18-02B1-4116-B6D3-923B6DDC2DF4}.Debug|Any CPU.ActiveCfg = Debug|Any CPU
		{8AB67C18-02B1-4116-B6D3-923B6DDC2DF4}.Debug|Any CPU.Build.0 = Debug|Any CPU
		{8AB67C18-02B1-4116-B6D3-923B6DDC2DF4}.Release|Any CPU.ActiveCfg = Release|Any CPU
		{8AB67C18-02B1-4116-B6D3-923B6DDC2DF4}.Release|Any CPU.Build.0 = Release|Any CPU
		{FD0DA19B-5EFB-4C88-BDBC-A6B7C032AE60}.Debug|Any CPU.ActiveCfg = Debug|Any CPU
		{FD0DA19B-5EFB-4C88-BDBC-A6B7C032AE60}.Debug|Any CPU.Build.0 = Debug|Any CPU
		{FD0DA19B-5EFB-4C88-BDBC-A6B7C032AE60}.Release|Any CPU.ActiveCfg = Release|Any CPU
		{FD0DA19B-5EFB-4C88-BDBC-A6B7C032AE60}.Release|Any CPU.Build.0 = Release|Any CPU
		{3F3880FD-E5C0-4EB8-9744-FAC50B528638}.Debug|Any CPU.ActiveCfg = Debug|Any CPU
		{3F3880FD-E5C0-4EB8-9744-FAC50B528638}.Debug|Any CPU.Build.0 = Debug|Any CPU
		{3F3880FD-E5C0-4EB8-9744-FAC50B528638}.Release|Any CPU.ActiveCfg = Release|Any CPU
		{3F3880FD-E5C0-4EB8-9744-FAC50B528638}.Release|Any CPU.Build.0 = Release|Any CPU
		{32359846-B570-4936-A3B0-52C1DD6F42EE}.Debug|Any CPU.ActiveCfg = Debug|Any CPU
		{32359846-B570-4936-A3B0-52C1DD6F42EE}.Debug|Any CPU.Build.0 = Debug|Any CPU
		{32359846-B570-4936-A3B0-52C1DD6F42EE}.Release|Any CPU.ActiveCfg = Release|Any CPU
		{32359846-B570-4936-A3B0-52C1DD6F42EE}.Release|Any CPU.Build.0 = Release|Any CPU
		{19DC97E1-FC68-48B0-A3F4-5B5AD357372C}.Debug|Any CPU.ActiveCfg = Debug|Any CPU
		{19DC97E1-FC68-48B0-A3F4-5B5AD357372C}.Debug|Any CPU.Build.0 = Debug|Any CPU
		{19DC97E1-FC68-48B0-A3F4-5B5AD357372C}.Release|Any CPU.ActiveCfg = Release|Any CPU
		{19DC97E1-FC68-48B0-A3F4-5B5AD357372C}.Release|Any CPU.Build.0 = Release|Any CPU
		{E63AF892-7DE9-4B0A-AEC7-A1CC820355B7}.Debug|Any CPU.ActiveCfg = Debug|Any CPU
		{E63AF892-7DE9-4B0A-AEC7-A1CC820355B7}.Debug|Any CPU.Build.0 = Debug|Any CPU
		{E63AF892-7DE9-4B0A-AEC7-A1CC820355B7}.Release|Any CPU.ActiveCfg = Release|Any CPU
		{E63AF892-7DE9-4B0A-AEC7-A1CC820355B7}.Release|Any CPU.Build.0 = Release|Any CPU
		{6195B4BD-FF31-4D10-8C28-230B0869533F}.Debug|Any CPU.ActiveCfg = Debug|Any CPU
		{6195B4BD-FF31-4D10-8C28-230B0869533F}.Debug|Any CPU.Build.0 = Debug|Any CPU
		{6195B4BD-FF31-4D10-8C28-230B0869533F}.Release|Any CPU.ActiveCfg = Release|Any CPU
		{6195B4BD-FF31-4D10-8C28-230B0869533F}.Release|Any CPU.Build.0 = Release|Any CPU
		{0DBBEC41-49DD-4176-A1AD-E348A87D9A35}.Debug|Any CPU.ActiveCfg = Debug|Any CPU
		{0DBBEC41-49DD-4176-A1AD-E348A87D9A35}.Debug|Any CPU.Build.0 = Debug|Any CPU
		{0DBBEC41-49DD-4176-A1AD-E348A87D9A35}.Release|Any CPU.ActiveCfg = Release|Any CPU
		{0DBBEC41-49DD-4176-A1AD-E348A87D9A35}.Release|Any CPU.Build.0 = Release|Any CPU
		{02B84311-D1B6-4479-A0A5-01B90FE5C446}.Debug|Any CPU.ActiveCfg = Debug|Any CPU
		{02B84311-D1B6-4479-A0A5-01B90FE5C446}.Debug|Any CPU.Build.0 = Debug|Any CPU
		{02B84311-D1B6-4479-A0A5-01B90FE5C446}.Release|Any CPU.ActiveCfg = Release|Any CPU
		{02B84311-D1B6-4479-A0A5-01B90FE5C446}.Release|Any CPU.Build.0 = Release|Any CPU
		{2F78676E-E705-4701-A7ED-454DA0FA61D9}.Debug|Any CPU.ActiveCfg = Debug|Any CPU
		{2F78676E-E705-4701-A7ED-454DA0FA61D9}.Debug|Any CPU.Build.0 = Debug|Any CPU
		{2F78676E-E705-4701-A7ED-454DA0FA61D9}.Release|Any CPU.ActiveCfg = Release|Any CPU
		{2F78676E-E705-4701-A7ED-454DA0FA61D9}.Release|Any CPU.Build.0 = Release|Any CPU
		{A624782E-6CE2-4A7E-85A1-8751CABADBA5}.Debug|Any CPU.ActiveCfg = Debug|Any CPU
		{A624782E-6CE2-4A7E-85A1-8751CABADBA5}.Debug|Any CPU.Build.0 = Debug|Any CPU
		{A624782E-6CE2-4A7E-85A1-8751CABADBA5}.Release|Any CPU.ActiveCfg = Release|Any CPU
		{A624782E-6CE2-4A7E-85A1-8751CABADBA5}.Release|Any CPU.Build.0 = Release|Any CPU
		{FE5117D2-F3E3-4D6F-BEB4-E94AD72B6ACB}.Debug|Any CPU.ActiveCfg = Debug|Any CPU
		{FE5117D2-F3E3-4D6F-BEB4-E94AD72B6ACB}.Debug|Any CPU.Build.0 = Debug|Any CPU
		{FE5117D2-F3E3-4D6F-BEB4-E94AD72B6ACB}.Release|Any CPU.ActiveCfg = Release|Any CPU
		{FE5117D2-F3E3-4D6F-BEB4-E94AD72B6ACB}.Release|Any CPU.Build.0 = Release|Any CPU
		{DE1C8837-BA7C-4B7D-BEE5-54320199E27E}.Debug|Any CPU.ActiveCfg = Debug|Any CPU
		{DE1C8837-BA7C-4B7D-BEE5-54320199E27E}.Debug|Any CPU.Build.0 = Debug|Any CPU
		{DE1C8837-BA7C-4B7D-BEE5-54320199E27E}.Release|Any CPU.ActiveCfg = Release|Any CPU
		{DE1C8837-BA7C-4B7D-BEE5-54320199E27E}.Release|Any CPU.Build.0 = Release|Any CPU
		{E34530A6-4AAA-40E6-8299-894812CD7E3B}.Debug|Any CPU.ActiveCfg = Debug|Any CPU
		{E34530A6-4AAA-40E6-8299-894812CD7E3B}.Debug|Any CPU.Build.0 = Debug|Any CPU
		{E34530A6-4AAA-40E6-8299-894812CD7E3B}.Release|Any CPU.ActiveCfg = Release|Any CPU
		{E34530A6-4AAA-40E6-8299-894812CD7E3B}.Release|Any CPU.Build.0 = Release|Any CPU
		{C966E957-8EA2-4307-9F44-811B16F4AD9B}.Debug|Any CPU.ActiveCfg = Debug|Any CPU
		{C966E957-8EA2-4307-9F44-811B16F4AD9B}.Debug|Any CPU.Build.0 = Debug|Any CPU
		{C966E957-8EA2-4307-9F44-811B16F4AD9B}.Release|Any CPU.ActiveCfg = Release|Any CPU
		{C966E957-8EA2-4307-9F44-811B16F4AD9B}.Release|Any CPU.Build.0 = Release|Any CPU
	EndGlobalSection
	GlobalSection(SolutionProperties) = preSolution
		HideSolutionNode = FALSE
	EndGlobalSection
	GlobalSection(NestedProjects) = preSolution
		{F1DAAEA8-CF63-41BF-8BE8-B9C940F2D497} = {E381D475-2C8B-4889-914F-B06AA507C654}
		{3BADFB1B-523C-4730-B8A9-41737C5FC1C3} = {E381D475-2C8B-4889-914F-B06AA507C654}
		{AF8B2966-0C3C-47EE-AE6B-10A871E214B8} = {3BADFB1B-523C-4730-B8A9-41737C5FC1C3}
		{F218B6CA-2852-539A-18E1-105CBA56C82E} = {F1DAAEA8-CF63-41BF-8BE8-B9C940F2D497}
		{6D9064CB-7E44-46DB-9FE0-4AE3A9B1B1E9} = {E381D475-2C8B-4889-914F-B06AA507C654}
		{313374BA-037D-4B54-A365-7E98D78BC1D8} = {6D9064CB-7E44-46DB-9FE0-4AE3A9B1B1E9}
		{1D1993F8-17A4-4FC9-AADD-81080DB64239} = {6D9064CB-7E44-46DB-9FE0-4AE3A9B1B1E9}
		{0E78F60D-CF4D-4444-9292-014938882445} = {6D9064CB-7E44-46DB-9FE0-4AE3A9B1B1E9}
		{8AB67C18-02B1-4116-B6D3-923B6DDC2DF4} = {AF8B2966-0C3C-47EE-AE6B-10A871E214B8}
		{FD0DA19B-5EFB-4C88-BDBC-A6B7C032AE60} = {AF8B2966-0C3C-47EE-AE6B-10A871E214B8}
		{3F3880FD-E5C0-4EB8-9744-FAC50B528638} = {AF8B2966-0C3C-47EE-AE6B-10A871E214B8}
		{32359846-B570-4936-A3B0-52C1DD6F42EE} = {AF8B2966-0C3C-47EE-AE6B-10A871E214B8}
		{19DC97E1-FC68-48B0-A3F4-5B5AD357372C} = {6D9064CB-7E44-46DB-9FE0-4AE3A9B1B1E9}
		{37429EF8-1D5B-4BC3-B51C-E0E35B177733} = {3BADFB1B-523C-4730-B8A9-41737C5FC1C3}
		{E63AF892-7DE9-4B0A-AEC7-A1CC820355B7} = {37429EF8-1D5B-4BC3-B51C-E0E35B177733}
		{6195B4BD-FF31-4D10-8C28-230B0869533F} = {37429EF8-1D5B-4BC3-B51C-E0E35B177733}
		{0DBBEC41-49DD-4176-A1AD-E348A87D9A35} = {37429EF8-1D5B-4BC3-B51C-E0E35B177733}
		{02B84311-D1B6-4479-A0A5-01B90FE5C446} = {37429EF8-1D5B-4BC3-B51C-E0E35B177733}
		{E9E7A0FD-AAA0-4EFE-8FD7-32FEE3693DCA} = {3BADFB1B-523C-4730-B8A9-41737C5FC1C3}
		{2F78676E-E705-4701-A7ED-454DA0FA61D9} = {E9E7A0FD-AAA0-4EFE-8FD7-32FEE3693DCA}
		{A624782E-6CE2-4A7E-85A1-8751CABADBA5} = {E9E7A0FD-AAA0-4EFE-8FD7-32FEE3693DCA}
		{FE5117D2-F3E3-4D6F-BEB4-E94AD72B6ACB} = {E9E7A0FD-AAA0-4EFE-8FD7-32FEE3693DCA}
		{DE1C8837-BA7C-4B7D-BEE5-54320199E27E} = {E9E7A0FD-AAA0-4EFE-8FD7-32FEE3693DCA}
		{E34530A6-4AAA-40E6-8299-894812CD7E3B} = {37429EF8-1D5B-4BC3-B51C-E0E35B177733}
		{C966E957-8EA2-4307-9F44-811B16F4AD9B} = {AF8B2966-0C3C-47EE-AE6B-10A871E214B8}
	EndGlobalSection
	GlobalSection(ExtensibilityGlobals) = postSolution
		SolutionGuid = {26705A76-E0F5-4C4F-A0C8-567E0D08314A}
	EndGlobalSection
EndGlobal
